
Microsoft Visual Studio Solution File, Format Version 12.00
# Visual Studio Version 16
VisualStudioVersion = 16.0.31321.278
MinimumVisualStudioVersion = 10.0.40219.1
Project("{8BC9CEB8-8B4A-11D0-8D11-00A0C91BC942}") = "OOP_Lesson_7", "OOP_Lesson_7\OOP_Lesson_7.vcxproj", "{CE8DA1B8-5557-4960-9095-3FF352553801}"
EndProject
Global
	GlobalSection(SolutionConfigurationPlatforms) = preSolution
		Debug|x64 = Debug|x64
		Debug|x86 = Debug|x86
		Release|x64 = Release|x64
		Release|x86 = Release|x86
	EndGlobalSection
	GlobalSection(ProjectConfigurationPlatforms) = postSolution
		{CE8DA1B8-5557-4960-9095-3FF352553801}.Debug|x64.ActiveCfg = Debug|x64
		{CE8DA1B8-5557-4960-9095-3FF352553801}.Debug|x64.Build.0 = Debug|x64
		{CE8DA1B8-5557-4960-9095-3FF352553801}.Debug|x86.ActiveCfg = Debug|Win32
		{CE8DA1B8-5557-4960-9095-3FF352553801}.Debug|x86.Build.0 = Debug|Win32
		{CE8DA1B8-5557-4960-9095-3FF352553801}.Release|x64.ActiveCfg = Release|x64
		{CE8DA1B8-5557-4960-9095-3FF352553801}.Release|x64.Build.0 = Release|x64
		{CE8DA1B8-5557-4960-9095-3FF352553801}.Release|x86.ActiveCfg = Release|Win32
		{CE8DA1B8-5557-4960-9095-3FF352553801}.Release|x86.Build.0 = Release|Win32
	EndGlobalSection
	GlobalSection(SolutionProperties) = preSolution
		HideSolutionNode = FALSE
	EndGlobalSection
	GlobalSection(ExtensibilityGlobals) = postSolution
		SolutionGuid = {07A10881-D9FD-43F1-939A-DACC050BDB51}
	EndGlobalSection
EndGlobal
